
Microsoft Visual Studio Solution File, Format Version 12.00
# Visual Studio Version 17
VisualStudioVersion = 17.13.35913.81 d17.13
MinimumVisualStudioVersion = 10.0.40219.1
Project("{FAE04EC0-301F-11D3-BF4B-00C04F79EFBC}") = "HighPerfImageEngine", "HighPerfImageEngine\HighPerfImageEngine.csproj", "{CCCFA2FD-9BF9-4764-B84D-B4DBFA0B09E7}"
EndProject
Global
	GlobalSection(SolutionConfigurationPlatforms) = preSolution
		Debug|Any CPU = Debug|Any CPU
		Release|Any CPU = Release|Any CPU
	EndGlobalSection
	GlobalSection(ProjectConfigurationPlatforms) = postSolution
		{CCCFA2FD-9BF9-4764-B84D-B4DBFA0B09E7}.Debug|Any CPU.ActiveCfg = Debug|Any CPU
		{CCCFA2FD-9BF9-4764-B84D-B4DBFA0B09E7}.Debug|Any CPU.Build.0 = Debug|Any CPU
		{CCCFA2FD-9BF9-4764-B84D-B4DBFA0B09E7}.Release|Any CPU.ActiveCfg = Release|Any CPU
		{CCCFA2FD-9BF9-4764-B84D-B4DBFA0B09E7}.Release|Any CPU.Build.0 = Release|Any CPU
	EndGlobalSection
	GlobalSection(SolutionProperties) = preSolution
		HideSolutionNode = FALSE
	EndGlobalSection
	GlobalSection(ExtensibilityGlobals) = postSolution
		SolutionGuid = {A622E0B2-9716-4727-99F7-2005FAA6A67A}
	EndGlobalSection
EndGlobal
